
Microsoft Visual Studio Solution File, Format Version 12.00
# Visual Studio Version 17
VisualStudioVersion = 17.5.33627.172
MinimumVisualStudioVersion = 10.0.40219.1
Project("{FAE04EC0-301F-11D3-BF4B-00C04F79EFBC}") = "FagestProAdmin", "FagestProAdmin.csproj", "{6413FBB8-91ED-434A-8503-EF0F74E8157C}"
EndProject
Global
	GlobalSection(SolutionConfigurationPlatforms) = preSolution
		Debug|Any CPU = Debug|Any CPU
		Release|Any CPU = Release|Any CPU
	EndGlobalSection
	GlobalSection(ProjectConfigurationPlatforms) = postSolution
		{6413FBB8-91ED-434A-8503-EF0F74E8157C}.Debug|Any CPU.ActiveCfg = Debug|Any CPU
		{6413FBB8-91ED-434A-8503-EF0F74E8157C}.Debug|Any CPU.Build.0 = Debug|Any CPU
		{6413FBB8-91ED-434A-8503-EF0F74E8157C}.Release|Any CPU.ActiveCfg = Release|Any CPU
		{6413FBB8-91ED-434A-8503-EF0F74E8157C}.Release|Any CPU.Build.0 = Release|Any CPU
	EndGlobalSection
	GlobalSection(SolutionProperties) = preSolution
		HideSolutionNode = FALSE
	EndGlobalSection
	GlobalSection(ExtensibilityGlobals) = postSolution
		SolutionGuid = {CFED16F6-8BAC-4107-960E-78BF8E7DA965}
	EndGlobalSection
EndGlobal
